
Microsoft Visual Studio Solution File, Format Version 12.00
# Visual Studio Version 16
VisualStudioVersion = 16.0.31424.327
MinimumVisualStudioVersion = 10.0.40219.1
Project("{9A19103F-16F7-4668-BE54-9A1E7A4F7556}") = "DotNetCoreApp", "DotNetCoreApp\DotNetCoreApp.csproj", "{BF6D70B7-B7F6-48EA-8336-04DBFCDF5395}"
EndProject
Global
	GlobalSection(SolutionConfigurationPlatforms) = preSolution
		Debug|Any CPU = Debug|Any CPU
		Release|Any CPU = Release|Any CPU
	EndGlobalSection
	GlobalSection(ProjectConfigurationPlatforms) = postSolution
		{BF6D70B7-B7F6-48EA-8336-04DBFCDF5395}.Debug|Any CPU.ActiveCfg = Debug|Any CPU
		{BF6D70B7-B7F6-48EA-8336-04DBFCDF5395}.Debug|Any CPU.Build.0 = Debug|Any CPU
		{BF6D70B7-B7F6-48EA-8336-04DBFCDF5395}.Release|Any CPU.ActiveCfg = Release|Any CPU
		{BF6D70B7-B7F6-48EA-8336-04DBFCDF5395}.Release|Any CPU.Build.0 = Release|Any CPU
	EndGlobalSection
	GlobalSection(SolutionProperties) = preSolution
		HideSolutionNode = FALSE
	EndGlobalSection
	GlobalSection(ExtensibilityGlobals) = postSolution
		SolutionGuid = {934B0333-7CB9-464F-ABB3-473135301E83}
	EndGlobalSection
EndGlobal
